
Microsoft Visual Studio Solution File, Format Version 12.00
# Visual Studio 14
VisualStudioVersion = 14.0.25123.0
MinimumVisualStudioVersion = 10.0.40219.1
Project("{2150E333-8FDC-42A3-9474-1A3956D46DE8}") = "0 - Presentation", "0 - Presentation", "{E0D23544-5536-4FE0-B960-201B897372CC}"
EndProject
Project("{2150E333-8FDC-42A3-9474-1A3956D46DE8}") = "1 - Application", "1 - Application", "{1AC98E90-3E6E-4CFC-9E35-B604CB587D9D}"
EndProject
Project("{2150E333-8FDC-42A3-9474-1A3956D46DE8}") = "2 - Domain", "2 - Domain", "{B97C7999-F881-47BA-BBD1-77088D4C751C}"
EndProject
Project("{2150E333-8FDC-42A3-9474-1A3956D46DE8}") = "3 - Infra", "3 - Infra", "{1C55D582-10EF-4E19-80E2-4EEE2947F365}"
EndProject
Project("{2150E333-8FDC-42A3-9474-1A3956D46DE8}") = "3.1 - Data", "3.1 - Data", "{9CCF171A-9097-45DF-A59E-08DAB6F484C4}"
EndProject
Project("{2150E333-8FDC-42A3-9474-1A3956D46DE8}") = "3.2 - CrossCutting", "3.2 - CrossCutting", "{D08F1539-DC2C-4AEB-AAB1-D59C90654C3C}"
EndProject
Project("{FAE04EC0-301F-11D3-BF4B-00C04F79EFBC}") = "MyBillsDDD.Infra.Data", "MyBillsDDD.Infra.Data\MyBillsDDD.Infra.Data.csproj", "{4D727E86-2F6B-42B2-897C-A2B8C5C670BF}"
EndProject
Project("{FAE04EC0-301F-11D3-BF4B-00C04F79EFBC}") = "MyBillsDDD.Domain", "MyBillsDDD.Domain\MyBillsDDD.Domain.csproj", "{5DEC6AF7-2C72-47B6-BCF7-A68D4D2DE4ED}"
EndProject
Project("{FAE04EC0-301F-11D3-BF4B-00C04F79EFBC}") = "MyBillsDDD.Application", "MyBillsDDD.Application\MyBillsDDD.Application.csproj", "{EA405378-D8A7-4FA8-948F-3EBA553DC525}"
EndProject
Project("{FAE04EC0-301F-11D3-BF4B-00C04F79EFBC}") = "MyBillsDDD.Presentation.WebAPI", "MyBillsDDD.Presentation.WebAPI\MyBillsDDD.Presentation.WebAPI.csproj", "{2C6A4656-1FC7-4BFC-A072-BCE35B86387F}"
EndProject
Project("{FAE04EC0-301F-11D3-BF4B-00C04F79EFBC}") = "WebApiIdentity", "WebApiIdentity\WebApiIdentity.csproj", "{75B3644D-8C51-4DC1-841D-8A0EAD827764}"
EndProject
Project("{FAE04EC0-301F-11D3-BF4B-00C04F79EFBC}") = "MyBillsDD.infra.CrossCutting.IoC", "MyBillsDD.infra.CrossCutting.IoC\MyBillsDD.infra.CrossCutting.IoC.csproj", "{5192CC1D-6299-495D-AC48-F2DAC5915276}"
EndProject
Global
	GlobalSection(SolutionConfigurationPlatforms) = preSolution
		Debug|Any CPU = Debug|Any CPU
		Release|Any CPU = Release|Any CPU
	EndGlobalSection
	GlobalSection(ProjectConfigurationPlatforms) = postSolution
		{4D727E86-2F6B-42B2-897C-A2B8C5C670BF}.Debug|Any CPU.ActiveCfg = Debug|Any CPU
		{4D727E86-2F6B-42B2-897C-A2B8C5C670BF}.Debug|Any CPU.Build.0 = Debug|Any CPU
		{4D727E86-2F6B-42B2-897C-A2B8C5C670BF}.Release|Any CPU.ActiveCfg = Release|Any CPU
		{4D727E86-2F6B-42B2-897C-A2B8C5C670BF}.Release|Any CPU.Build.0 = Release|Any CPU
		{5DEC6AF7-2C72-47B6-BCF7-A68D4D2DE4ED}.Debug|Any CPU.ActiveCfg = Debug|Any CPU
		{5DEC6AF7-2C72-47B6-BCF7-A68D4D2DE4ED}.Debug|Any CPU.Build.0 = Debug|Any CPU
		{5DEC6AF7-2C72-47B6-BCF7-A68D4D2DE4ED}.Release|Any CPU.ActiveCfg = Release|Any CPU
		{5DEC6AF7-2C72-47B6-BCF7-A68D4D2DE4ED}.Release|Any CPU.Build.0 = Release|Any CPU
		{EA405378-D8A7-4FA8-948F-3EBA553DC525}.Debug|Any CPU.ActiveCfg = Debug|Any CPU
		{EA405378-D8A7-4FA8-948F-3EBA553DC525}.Debug|Any CPU.Build.0 = Debug|Any CPU
		{EA405378-D8A7-4FA8-948F-3EBA553DC525}.Release|Any CPU.ActiveCfg = Release|Any CPU
		{EA405378-D8A7-4FA8-948F-3EBA553DC525}.Release|Any CPU.Build.0 = Release|Any CPU
		{2C6A4656-1FC7-4BFC-A072-BCE35B86387F}.Debug|Any CPU.ActiveCfg = Debug|Any CPU
		{2C6A4656-1FC7-4BFC-A072-BCE35B86387F}.Debug|Any CPU.Build.0 = Debug|Any CPU
		{2C6A4656-1FC7-4BFC-A072-BCE35B86387F}.Release|Any CPU.ActiveCfg = Release|Any CPU
		{2C6A4656-1FC7-4BFC-A072-BCE35B86387F}.Release|Any CPU.Build.0 = Release|Any CPU
		{75B3644D-8C51-4DC1-841D-8A0EAD827764}.Debug|Any CPU.ActiveCfg = Debug|Any CPU
		{75B3644D-8C51-4DC1-841D-8A0EAD827764}.Debug|Any CPU.Build.0 = Debug|Any CPU
		{75B3644D-8C51-4DC1-841D-8A0EAD827764}.Release|Any CPU.ActiveCfg = Release|Any CPU
		{75B3644D-8C51-4DC1-841D-8A0EAD827764}.Release|Any CPU.Build.0 = Release|Any CPU
		{5192CC1D-6299-495D-AC48-F2DAC5915276}.Debug|Any CPU.ActiveCfg = Debug|Any CPU
		{5192CC1D-6299-495D-AC48-F2DAC5915276}.Debug|Any CPU.Build.0 = Debug|Any CPU
		{5192CC1D-6299-495D-AC48-F2DAC5915276}.Release|Any CPU.ActiveCfg = Release|Any CPU
		{5192CC1D-6299-495D-AC48-F2DAC5915276}.Release|Any CPU.Build.0 = Release|Any CPU
	EndGlobalSection
	GlobalSection(SolutionProperties) = preSolution
		HideSolutionNode = FALSE
	EndGlobalSection
	GlobalSection(NestedProjects) = preSolution
		{9CCF171A-9097-45DF-A59E-08DAB6F484C4} = {1C55D582-10EF-4E19-80E2-4EEE2947F365}
		{D08F1539-DC2C-4AEB-AAB1-D59C90654C3C} = {1C55D582-10EF-4E19-80E2-4EEE2947F365}
		{4D727E86-2F6B-42B2-897C-A2B8C5C670BF} = {9CCF171A-9097-45DF-A59E-08DAB6F484C4}
		{5DEC6AF7-2C72-47B6-BCF7-A68D4D2DE4ED} = {B97C7999-F881-47BA-BBD1-77088D4C751C}
		{EA405378-D8A7-4FA8-948F-3EBA553DC525} = {1AC98E90-3E6E-4CFC-9E35-B604CB587D9D}
		{2C6A4656-1FC7-4BFC-A072-BCE35B86387F} = {E0D23544-5536-4FE0-B960-201B897372CC}
		{75B3644D-8C51-4DC1-841D-8A0EAD827764} = {E0D23544-5536-4FE0-B960-201B897372CC}
		{5192CC1D-6299-495D-AC48-F2DAC5915276} = {D08F1539-DC2C-4AEB-AAB1-D59C90654C3C}
	EndGlobalSection
EndGlobal
